Microsoft Visual Studio Solution File, Format Version 12.00
# Visual Studio Version 17
VisualStudioVersion = 17.5.2.0
MinimumVisualStudioVersion = 10.0.40219.1
Project("{FAE04EC0-301F-11D3-BF4B-00C04F79EFBC}") = "minimal_API", "minimal_API\minimal_API.csproj", "{4D0A5B6C-B3C4-801A-D3DB-0CEF38129ACB}"
EndProject
Global
	GlobalSection(SolutionConfigurationPlatforms) = preSolution
		Debug|Any CPU = Debug|Any CPU
		Release|Any CPU = Release|Any CPU
	EndGlobalSection
	GlobalSection(ProjectConfigurationPlatforms) = postSolution
		{4D0A5B6C-B3C4-801A-D3DB-0CEF38129ACB}.Debug|Any CPU.ActiveCfg = Debug|Any CPU
		{4D0A5B6C-B3C4-801A-D3DB-0CEF38129ACB}.Debug|Any CPU.Build.0 = Debug|Any CPU
		{4D0A5B6C-B3C4-801A-D3DB-0CEF38129ACB}.Release|Any CPU.ActiveCfg = Release|Any CPU
		{4D0A5B6C-B3C4-801A-D3DB-0CEF38129ACB}.Release|Any CPU.Build.0 = Release|Any CPU
	EndGlobalSection
	GlobalSection(SolutionProperties) = preSolution
		HideSolutionNode = FALSE
	EndGlobalSection
	GlobalSection(ExtensibilityGlobals) = postSolution
		SolutionGuid = {9D0150E0-8380-490D-96C7-9D20F59CF1DD}
	EndGlobalSection
EndGlobal
